
Microsoft Visual Studio Solution File, Format Version 12.00
# Visual Studio Version 16
VisualStudioVersion = 16.0.28803.156
MinimumVisualStudioVersion = 10.0.40219.1
Project("{FAE04EC0-301F-11D3-BF4B-00C04F79EFBC}") = "PictureMemoryTraining", "PictureMemoryTraining\PictureMemoryTraining.csproj", "{218D3D22-62C8-4F38-BAC0-1684550C98BF}"
EndProject
Project("{FAE04EC0-301F-11D3-BF4B-00C04F79EFBC}") = "PictureMemoryTraining.Business", "PictureMemoryTraining.Business\PictureMemoryTraining.Business.csproj", "{2204F783-2F84-4296-941C-05D36D5C5A2F}"
EndProject
Project("{FAE04EC0-301F-11D3-BF4B-00C04F79EFBC}") = "PictureMemoryTraining.Utils", "PictureMemoryTraining.Utils\PictureMemoryTraining.Utils.csproj", "{7F7C3FFF-A809-44C4-97FA-6D9D506D9CB6}"
EndProject
Global
	GlobalSection(SolutionConfigurationPlatforms) = preSolution
		Debug|Any CPU = Debug|Any CPU
		Release|Any CPU = Release|Any CPU
	EndGlobalSection
	GlobalSection(ProjectConfigurationPlatforms) = postSolution
		{218D3D22-62C8-4F38-BAC0-1684550C98BF}.Debug|Any CPU.ActiveCfg = Debug|Any CPU
		{218D3D22-62C8-4F38-BAC0-1684550C98BF}.Debug|Any CPU.Build.0 = Debug|Any CPU
		{218D3D22-62C8-4F38-BAC0-1684550C98BF}.Release|Any CPU.ActiveCfg = Release|Any CPU
		{218D3D22-62C8-4F38-BAC0-1684550C98BF}.Release|Any CPU.Build.0 = Release|Any CPU
		{2204F783-2F84-4296-941C-05D36D5C5A2F}.Debug|Any CPU.ActiveCfg = Debug|Any CPU
		{2204F783-2F84-4296-941C-05D36D5C5A2F}.Debug|Any CPU.Build.0 = Debug|Any CPU
		{2204F783-2F84-4296-941C-05D36D5C5A2F}.Release|Any CPU.ActiveCfg = Release|Any CPU
		{2204F783-2F84-4296-941C-05D36D5C5A2F}.Release|Any CPU.Build.0 = Release|Any CPU
		{7F7C3FFF-A809-44C4-97FA-6D9D506D9CB6}.Debug|Any CPU.ActiveCfg = Debug|Any CPU
		{7F7C3FFF-A809-44C4-97FA-6D9D506D9CB6}.Debug|Any CPU.Build.0 = Debug|Any CPU
		{7F7C3FFF-A809-44C4-97FA-6D9D506D9CB6}.Release|Any CPU.ActiveCfg = Release|Any CPU
		{7F7C3FFF-A809-44C4-97FA-6D9D506D9CB6}.Release|Any CPU.Build.0 = Release|Any CPU
	EndGlobalSection
	GlobalSection(SolutionProperties) = preSolution
		HideSolutionNode = FALSE
	EndGlobalSection
	GlobalSection(ExtensibilityGlobals) = postSolution
		SolutionGuid = {326BEA2C-677C-4E47-ABC7-CEDADD494BCF}
	EndGlobalSection
EndGlobal
